
Microsoft Visual Studio Solution File, Format Version 12.00
# Visual Studio 15
VisualStudioVersion = 15.0.28307.1209
MinimumVisualStudioVersion = 10.0.40219.1
Project("{FAE04EC0-301F-11D3-BF4B-00C04F79EFBC}") = "MvcNews", "MvcNews\MvcNews.csproj", "{BCFE936D-F02E-4BE4-BC91-85EEC460291C}"
EndProject
Global
	GlobalSection(SolutionConfigurationPlatforms) = preSolution
		Debug|Any CPU = Debug|Any CPU
		Release|Any CPU = Release|Any CPU
	EndGlobalSection
	GlobalSection(ProjectConfigurationPlatforms) = postSolution
		{BCFE936D-F02E-4BE4-BC91-85EEC460291C}.Debug|Any CPU.ActiveCfg = Debug|Any CPU
		{BCFE936D-F02E-4BE4-BC91-85EEC460291C}.Debug|Any CPU.Build.0 = Debug|Any CPU
		{BCFE936D-F02E-4BE4-BC91-85EEC460291C}.Release|Any CPU.ActiveCfg = Release|Any CPU
		{BCFE936D-F02E-4BE4-BC91-85EEC460291C}.Release|Any CPU.Build.0 = Release|Any CPU
	EndGlobalSection
	GlobalSection(SolutionProperties) = preSolution
		HideSolutionNode = FALSE
	EndGlobalSection
	GlobalSection(ExtensibilityGlobals) = postSolution
		SolutionGuid = {5E101439-6248-4B2D-A967-AA790A5F62A7}
	EndGlobalSection
EndGlobal
